
Microsoft Visual Studio Solution File, Format Version 12.00
# Visual Studio 2012
Project("{8BC9CEB8-8B4A-11D0-8D11-00A0C91BC942}") = "Geometry", "Geometry.vcxproj", "{4BAD72D7-FE04-4DCC-A4A3-4417D4F82520}"
EndProject
Project("{8BC9CEB8-8B4A-11D0-8D11-00A0C91BC942}") = "convexBoundaryTester", "ConvexBoundaryTester\convexBoundaryTester.vcxproj", "{06B80C0A-8C06-3058-BB4E-FF1AF150FA26}"
EndProject
Project("{8BC9CEB8-8B4A-11D0-8D11-00A0C91BC942}") = "intersectionAreaTester", "intersectionAreaTester\intersectionAreaTester.vcxproj", "{36EE817F-6444-3B6F-8AB4-A3830D1ADFDE}"
EndProject
Project("{8BC9CEB8-8B4A-11D0-8D11-00A0C91BC942}") = "intersectionAreaTester2", "intersectionAreaTester2\intersectionAreaTester2.vcxproj", "{0253C5F4-6A14-3E7A-9DA7-AA224FA0256E}"
EndProject
Project("{8BC9CEB8-8B4A-11D0-8D11-00A0C91BC942}") = "IntersectionTester", "IntersectionTest\IntersectionTester.vcxproj", "{27209C7D-43F2-302F-A60A-15B7CD77963A}"
EndProject
Project("{8BC9CEB8-8B4A-11D0-8D11-00A0C91BC942}") = "UnionAreaTest", "UnionAreaTest\UnionAreaTest.vcxproj", "{85DAE15E-E9C6-4EC6-BC2B-F3E24807213B}"
EndProject
Project("{8BC9CEB8-8B4A-11D0-8D11-00A0C91BC942}") = "voronoiTester", "voronoiTest\voronoiTester.vcxproj", "{0EA87009-177D-35C6-8669-DB1964E9965D}"
EndProject
Global
	GlobalSection(SolutionConfigurationPlatforms) = preSolution
		Debug|Win32 = Debug|Win32
		Debug|x64 = Debug|x64
		Release|Win32 = Release|Win32
		Release|x64 = Release|x64
	EndGlobalSection
	GlobalSection(ProjectConfigurationPlatforms) = postSolution
		{4BAD72D7-FE04-4DCC-A4A3-4417D4F82520}.Debug|Win32.ActiveCfg = Debug|x64
		{4BAD72D7-FE04-4DCC-A4A3-4417D4F82520}.Debug|Win32.Build.0 = Debug|x64
		{4BAD72D7-FE04-4DCC-A4A3-4417D4F82520}.Debug|x64.ActiveCfg = Debug|x64
		{4BAD72D7-FE04-4DCC-A4A3-4417D4F82520}.Debug|x64.Build.0 = Debug|x64
		{4BAD72D7-FE04-4DCC-A4A3-4417D4F82520}.Release|Win32.ActiveCfg = Release|Win32
		{4BAD72D7-FE04-4DCC-A4A3-4417D4F82520}.Release|Win32.Build.0 = Release|Win32
		{4BAD72D7-FE04-4DCC-A4A3-4417D4F82520}.Release|x64.ActiveCfg = Release|x64
		{4BAD72D7-FE04-4DCC-A4A3-4417D4F82520}.Release|x64.Build.0 = Release|x64
		{06B80C0A-8C06-3058-BB4E-FF1AF150FA26}.Debug|Win32.ActiveCfg = Debug|Win32
		{06B80C0A-8C06-3058-BB4E-FF1AF150FA26}.Debug|Win32.Build.0 = Debug|Win32
		{06B80C0A-8C06-3058-BB4E-FF1AF150FA26}.Debug|x64.ActiveCfg = Debug|x64
		{06B80C0A-8C06-3058-BB4E-FF1AF150FA26}.Debug|x64.Build.0 = Debug|x64
		{06B80C0A-8C06-3058-BB4E-FF1AF150FA26}.Release|Win32.ActiveCfg = Release|Win32
		{06B80C0A-8C06-3058-BB4E-FF1AF150FA26}.Release|Win32.Build.0 = Release|Win32
		{06B80C0A-8C06-3058-BB4E-FF1AF150FA26}.Release|x64.ActiveCfg = Release|x64
		{06B80C0A-8C06-3058-BB4E-FF1AF150FA26}.Release|x64.Build.0 = Release|x64
		{36EE817F-6444-3B6F-8AB4-A3830D1ADFDE}.Debug|Win32.ActiveCfg = Debug|Win32
		{36EE817F-6444-3B6F-8AB4-A3830D1ADFDE}.Debug|Win32.Build.0 = Debug|Win32
		{36EE817F-6444-3B6F-8AB4-A3830D1ADFDE}.Debug|x64.ActiveCfg = Debug|x64
		{36EE817F-6444-3B6F-8AB4-A3830D1ADFDE}.Debug|x64.Build.0 = Debug|x64
		{36EE817F-6444-3B6F-8AB4-A3830D1ADFDE}.Release|Win32.ActiveCfg = Release|Win32
		{36EE817F-6444-3B6F-8AB4-A3830D1ADFDE}.Release|Win32.Build.0 = Release|Win32
		{36EE817F-6444-3B6F-8AB4-A3830D1ADFDE}.Release|x64.ActiveCfg = Release|x64
		{36EE817F-6444-3B6F-8AB4-A3830D1ADFDE}.Release|x64.Build.0 = Release|x64
		{0253C5F4-6A14-3E7A-9DA7-AA224FA0256E}.Debug|Win32.ActiveCfg = Debug|Win32
		{0253C5F4-6A14-3E7A-9DA7-AA224FA0256E}.Debug|Win32.Build.0 = Debug|Win32
		{0253C5F4-6A14-3E7A-9DA7-AA224FA0256E}.Debug|x64.ActiveCfg = Debug|x64
		{0253C5F4-6A14-3E7A-9DA7-AA224FA0256E}.Debug|x64.Build.0 = Debug|x64
		{0253C5F4-6A14-3E7A-9DA7-AA224FA0256E}.Release|Win32.ActiveCfg = Release|Win32
		{0253C5F4-6A14-3E7A-9DA7-AA224FA0256E}.Release|Win32.Build.0 = Release|Win32
		{0253C5F4-6A14-3E7A-9DA7-AA224FA0256E}.Release|x64.ActiveCfg = Release|x64
		{0253C5F4-6A14-3E7A-9DA7-AA224FA0256E}.Release|x64.Build.0 = Release|x64
		{27209C7D-43F2-302F-A60A-15B7CD77963A}.Debug|Win32.ActiveCfg = Debug|Win32
		{27209C7D-43F2-302F-A60A-15B7CD77963A}.Debug|Win32.Build.0 = Debug|Win32
		{27209C7D-43F2-302F-A60A-15B7CD77963A}.Debug|x64.ActiveCfg = Debug|x64
		{27209C7D-43F2-302F-A60A-15B7CD77963A}.Debug|x64.Build.0 = Debug|x64
		{27209C7D-43F2-302F-A60A-15B7CD77963A}.Release|Win32.ActiveCfg = Release|Win32
		{27209C7D-43F2-302F-A60A-15B7CD77963A}.Release|Win32.Build.0 = Release|Win32
		{27209C7D-43F2-302F-A60A-15B7CD77963A}.Release|x64.ActiveCfg = Release|x64
		{27209C7D-43F2-302F-A60A-15B7CD77963A}.Release|x64.Build.0 = Release|x64
		{85DAE15E-E9C6-4EC6-BC2B-F3E24807213B}.Debug|Win32.ActiveCfg = Debug|Win32
		{85DAE15E-E9C6-4EC6-BC2B-F3E24807213B}.Debug|Win32.Build.0 = Debug|Win32
		{85DAE15E-E9C6-4EC6-BC2B-F3E24807213B}.Debug|x64.ActiveCfg = Debug|x64
		{85DAE15E-E9C6-4EC6-BC2B-F3E24807213B}.Debug|x64.Build.0 = Debug|x64
		{85DAE15E-E9C6-4EC6-BC2B-F3E24807213B}.Release|Win32.ActiveCfg = Release|Win32
		{85DAE15E-E9C6-4EC6-BC2B-F3E24807213B}.Release|Win32.Build.0 = Release|Win32
		{85DAE15E-E9C6-4EC6-BC2B-F3E24807213B}.Release|x64.ActiveCfg = Release|x64
		{85DAE15E-E9C6-4EC6-BC2B-F3E24807213B}.Release|x64.Build.0 = Release|x64
		{0EA87009-177D-35C6-8669-DB1964E9965D}.Debug|Win32.ActiveCfg = Debug|Win32
		{0EA87009-177D-35C6-8669-DB1964E9965D}.Debug|Win32.Build.0 = Debug|Win32
		{0EA87009-177D-35C6-8669-DB1964E9965D}.Debug|x64.ActiveCfg = Debug|x64
		{0EA87009-177D-35C6-8669-DB1964E9965D}.Debug|x64.Build.0 = Debug|x64
		{0EA87009-177D-35C6-8669-DB1964E9965D}.Release|Win32.ActiveCfg = Release|Win32
		{0EA87009-177D-35C6-8669-DB1964E9965D}.Release|Win32.Build.0 = Release|Win32
		{0EA87009-177D-35C6-8669-DB1964E9965D}.Release|x64.ActiveCfg = Release|x64
		{0EA87009-177D-35C6-8669-DB1964E9965D}.Release|x64.Build.0 = Release|x64
	EndGlobalSection
	GlobalSection(SolutionProperties) = preSolution
		HideSolutionNode = FALSE
	EndGlobalSection
EndGlobal
